
Microsoft Visual Studio Solution File, Format Version 12.00
# Visual Studio Version 16
VisualStudioVersion = 16.0.29306.81
MinimumVisualStudioVersion = 10.0.40219.1
Project("{8BC9CEB8-8B4A-11D0-8D11-00A0C91BC942}") = "ECE3310 Course_List and GPA with Doubly Linked-List with Head-Node", "ECE3310 Course_List and GPA with Doubly Linked-List with Head-Node\ECE3310 Course_List and GPA with Doubly Linked-List with Head-Node.vcxproj", "{DFE484A6-0BF8-4EC0-A4F1-278606137887}"
EndProject
Global
	GlobalSection(SolutionConfigurationPlatforms) = preSolution
		Debug|x64 = Debug|x64
		Debug|x86 = Debug|x86
		Release|x64 = Release|x64
		Release|x86 = Release|x86
	EndGlobalSection
	GlobalSection(ProjectConfigurationPlatforms) = postSolution
		{DFE484A6-0BF8-4EC0-A4F1-278606137887}.Debug|x64.ActiveCfg = Debug|x64
		{DFE484A6-0BF8-4EC0-A4F1-278606137887}.Debug|x64.Build.0 = Debug|x64
		{DFE484A6-0BF8-4EC0-A4F1-278606137887}.Debug|x86.ActiveCfg = Debug|Win32
		{DFE484A6-0BF8-4EC0-A4F1-278606137887}.Debug|x86.Build.0 = Debug|Win32
		{DFE484A6-0BF8-4EC0-A4F1-278606137887}.Release|x64.ActiveCfg = Release|x64
		{DFE484A6-0BF8-4EC0-A4F1-278606137887}.Release|x64.Build.0 = Release|x64
		{DFE484A6-0BF8-4EC0-A4F1-278606137887}.Release|x86.ActiveCfg = Release|Win32
		{DFE484A6-0BF8-4EC0-A4F1-278606137887}.Release|x86.Build.0 = Release|Win32
	EndGlobalSection
	GlobalSection(SolutionProperties) = preSolution
		HideSolutionNode = FALSE
	EndGlobalSection
	GlobalSection(ExtensibilityGlobals) = postSolution
		SolutionGuid = {08F276D0-1C9F-4313-82C3-A5FCF66CDF5F}
	EndGlobalSection
EndGlobal
